
Microsoft Visual Studio Solution File, Format Version 12.00
# Visual Studio Version 16
VisualStudioVersion = 16.0.31605.320
MinimumVisualStudioVersion = 10.0.40219.1
Project("{9A19103F-16F7-4668-BE54-9A1E7A4F7556}") = "ToDoListWebApi", "ToDoListWebApi\ToDoListWebApi.csproj", "{FFDDD1B7-0DC4-457D-855E-2777BBC609B1}"
EndProject
Global
	GlobalSection(SolutionConfigurationPlatforms) = preSolution
		Debug|Any CPU = Debug|Any CPU
		Release|Any CPU = Release|Any CPU
	EndGlobalSection
	GlobalSection(ProjectConfigurationPlatforms) = postSolution
		{FFDDD1B7-0DC4-457D-855E-2777BBC609B1}.Debug|Any CPU.ActiveCfg = Debug|Any CPU
		{FFDDD1B7-0DC4-457D-855E-2777BBC609B1}.Debug|Any CPU.Build.0 = Debug|Any CPU
		{FFDDD1B7-0DC4-457D-855E-2777BBC609B1}.Release|Any CPU.ActiveCfg = Release|Any CPU
		{FFDDD1B7-0DC4-457D-855E-2777BBC609B1}.Release|Any CPU.Build.0 = Release|Any CPU
	EndGlobalSection
	GlobalSection(SolutionProperties) = preSolution
		HideSolutionNode = FALSE
	EndGlobalSection
	GlobalSection(ExtensibilityGlobals) = postSolution
		SolutionGuid = {29E13E88-6716-45FC-BF67-6C04352E3921}
	EndGlobalSection
	GlobalSection(TeamFoundationVersionControl) = preSolution
		SccNumberOfProjects = 1
		SccEnterpriseProvider = {4CA58AB2-18FA-4F8D-95D4-32DDF27D184C}
		SccTeamFoundationServer = https://dev.azure.com/integrosandbox
		SccLocalPath0 = .
	EndGlobalSection
EndGlobal
